
Microsoft Visual Studio Solution File, Format Version 12.00
# Visual Studio Version 17
VisualStudioVersion = 17.7.34024.191
MinimumVisualStudioVersion = 10.0.40219.1
Project("{FAE04EC0-301F-11D3-BF4B-00C04F79EFBC}") = "vojnushka-game-server", "vojnushka-game-server\vojnushka-game-server.csproj", "{05218E6E-5783-4C71-A04D-D2253D8B3F84}"
EndProject
Project("{FAE04EC0-301F-11D3-BF4B-00C04F79EFBC}") = "vojnushka-client-deps", "vojnushka-client-deps\vojnushka-client-deps.csproj", "{940317AC-A62E-4467-A745-EC9008E0FF45}"
EndProject
Global
	GlobalSection(SolutionConfigurationPlatforms) = preSolution
		Debug|Any CPU = Debug|Any CPU
		Release|Any CPU = Release|Any CPU
	EndGlobalSection
	GlobalSection(ProjectConfigurationPlatforms) = postSolution
		{05218E6E-5783-4C71-A04D-D2253D8B3F84}.Debug|Any CPU.ActiveCfg = Debug|Any CPU
		{05218E6E-5783-4C71-A04D-D2253D8B3F84}.Debug|Any CPU.Build.0 = Debug|Any CPU
		{05218E6E-5783-4C71-A04D-D2253D8B3F84}.Release|Any CPU.ActiveCfg = Release|Any CPU
		{05218E6E-5783-4C71-A04D-D2253D8B3F84}.Release|Any CPU.Build.0 = Release|Any CPU
		{940317AC-A62E-4467-A745-EC9008E0FF45}.Debug|Any CPU.ActiveCfg = Debug|Any CPU
		{940317AC-A62E-4467-A745-EC9008E0FF45}.Debug|Any CPU.Build.0 = Debug|Any CPU
		{940317AC-A62E-4467-A745-EC9008E0FF45}.Release|Any CPU.ActiveCfg = Release|Any CPU
		{940317AC-A62E-4467-A745-EC9008E0FF45}.Release|Any CPU.Build.0 = Release|Any CPU
	EndGlobalSection
	GlobalSection(SolutionProperties) = preSolution
		HideSolutionNode = FALSE
	EndGlobalSection
EndGlobal
